lockfileVersion: '6.0'

settings:
  autoInstallPeers: true
  excludeLinksFromLockfile: false

dependencies:
  chrome-launcher:
    specifier: ^1.0.0
    version: 1.0.0

devDependencies:
  '@tsconfig/node18':
    specifier: ^18.2.1
    version: 18.2.1
  '@types/node':
    specifier: ^20.5.9
    version: 20.5.9
  typescript:
    specifier: ^5.2.2
    version: 5.2.2

packages:

  /@tsconfig/node18@18.2.1:
    resolution: {integrity: sha512-RDDZFuofwkcKpl8Vpj5wFbY+H53xOtqK7ckEL1sXsbPwvKwDdjQf3LkHbtt9sxIHn9nWIEwkmCwBRZ6z5TKU2A==}
    dev: true

  /@types/node@20.5.9:
    resolution: {integrity: sha512-PcGNd//40kHAS3sTlzKB9C9XL4K0sTup8nbG5lC14kzEteTNuAFh9u5nA0o5TWnSG2r/JNPRXFVcHJIIeRlmqQ==}

  /chrome-launcher@1.0.0:
    resolution: {integrity: sha512-74IMFVfgni/bQ4GotUNJpH2vDR+Sh9cXNPVhPXiedeiB0+5j7/8i8LAqS7WlyNSKqtxJ/CgbOpBDPLkzqDVhlw==}
    engines: {node: '>=12.13.0'}
    hasBin: true
    dependencies:
      '@types/node': 20.5.9
      escape-string-regexp: 4.0.0
      is-wsl: 2.2.0
      lighthouse-logger: 2.0.1
    transitivePeerDependencies:
      - supports-color
    dev: false

  /debug@2.6.9:
    resolution: {integrity: sha512-bC7ElrdJaJnPbAP+1EotYvqZsb3ecl5wi6Bfi6BJTUcNowp6cvspg0jXznRTKDjm/E7AdgFBVeAPVMNcKGsHMA==}
    peerDependencies:
      supports-color: '*'
    peerDependenciesMeta:
      supports-color:
        optional: true
    dependencies:
      ms: 2.0.0
    dev: false

  /escape-string-regexp@4.0.0:
    resolution: {integrity: sha512-TtpcNJ3XAzx3Gq8sWRzJaVajRs0uVxA2YAkdb1jm2YkPz4G6egUFAyA3n5vtEIZefPk5Wa4UXbKuS5fKkJWdgA==}
    engines: {node: '>=10'}
    dev: false

  /is-docker@2.2.1:
    resolution: {integrity: sha512-F+i2BKsFrH66iaUFc0woD8sLy8getkwTwtOBjvs56Cx4CgJDeKQeqfz8wAYiSb8JOprWhHH5p77PbmYCvvUuXQ==}
    engines: {node: '>=8'}
    hasBin: true
    dev: false

  /is-wsl@2.2.0:
    resolution: {integrity: sha512-fKzAra0rGJUUBwGBgNkHZuToZcn+TtXHpeCgmkMJMMYx1sQDYaCSyjJBSCa2nH1DGm7s3n1oBnohoVTBaN7Lww==}
    engines: {node: '>=8'}
    dependencies:
      is-docker: 2.2.1
    dev: false

  /lighthouse-logger@2.0.1:
    resolution: {integrity: sha512-ioBrW3s2i97noEmnXxmUq7cjIcVRjT5HBpAYy8zE11CxU9HqlWHHeRxfeN1tn8F7OEMVPIC9x1f8t3Z7US9ehQ==}
    dependencies:
      debug: 2.6.9
      marky: 1.2.5
    transitivePeerDependencies:
      - supports-color
    dev: false

  /marky@1.2.5:
    resolution: {integrity: sha512-q9JtQJKjpsVxCRVgQ+WapguSbKC3SQ5HEzFGPAJMStgh3QjCawp00UKv3MTTAArTmGmmPUvllHZoNbZ3gs0I+Q==}
    dev: false

  /ms@2.0.0:
    resolution: {integrity: sha512-Tpp60P6IUJDTuOq/5Z8cdskzJujfwqfOTkrwIwj7IRISpnkJnT6SyJ4PCPnGMoFjC9ddhal5KVIYtAt97ix05A==}
    dev: false

  /typescript@5.2.2:
    resolution: {integrity: sha512-mI4WrpHsbCIcwT9cF4FZvr80QUeKvsUsUvKDoR+X/7XHQH98xYD8YHZg7ANtz2GtZt/CBq2QJ0thkGJMHfqc1w==}
    engines: {node: '>=14.17'}
    hasBin: true
    dev: true
